{
  "name": "cardgame",
  "version": "1.0.0",
  "lockfileVersion": 1,
  "requires": true,
  "dependencies": {
    "async-limiter": {
      "version": "1.0.0",
      "resolved": "https://registry.npmjs.org/async-limiter/-/async-limiter-1.0.0.tgz",
      "integrity": "sha512-jp/uFnooOiO+L211eZOoSyzpOITMXx1rBITauYykG3BRYPu8h0UcxsPNB04RR5vo4Tyz3+ay17tR6JVf9qzYWg=="
    },
    "blessed": {
      "version": "0.1.81",
      "resolved": "https://registry.npmjs.org/blessed/-/blessed-0.1.81.tgz",
      "integrity": "sha1-+WLWh+wsNpVwrnGvhDJW5tDKESk="
    },
    "node-env-file": {
      "version": "0.1.8",
      "resolved": "https://registry.npmjs.org/node-env-file/-/node-env-file-0.1.8.tgz",
      "integrity": "sha1-/Mt7BQ9zW1oz2p65N89vGrRX+2k="
    },
    "ws": {
      "version": "5.1.0",
      "resolved": "https://registry.npmjs.org/ws/-/ws-5.1.0.tgz",
      "integrity": "sha512-7KU/qkUXtJW9aa5WRKlo0puE1ejEoAgDb0D/Pt+lWpTkKF7Kp+MqFOtwNFwnuiYeeDpFjp0qyMniE84OjKIEqQ==",
      "requires": {
        "async-limiter": "1.0.0"
      }
    }
  }
}
